
Microsoft Visual Studio Solution File, Format Version 12.00
# Visual Studio Version 17
VisualStudioVersion = 17.9.34728.123
MinimumVisualStudioVersion = 10.0.40219.1
Project("{FAE04EC0-301F-11D3-BF4B-00C04F79EFBC}") = "92CloudWallpaper", "92CloudWallpaper.csproj", "{D50A180A-9B9A-4809-A5F7-EC5AF139C139}"
EndProject
Project("{2150E333-8FDC-42A3-9474-1A3956D46DE8}") = "解决方案项", "解决方案项", "{B9E910FF-67F3-4239-AA39-CE0B32165D74}"
EndProject
Project("{FAE04EC0-301F-11D3-BF4B-00C04F79EFBC}") = "92CloudWallpaperScreenSaver", "..\92CloudWallpaperScreenSaver\92CloudWallpaperScreenSaver.csproj", "{AE2040EB-B2F4-44CE-8989-8B16AEA7F980}"
EndProject
Global
	GlobalSection(SolutionConfigurationPlatforms) = preSolution
		Debug|Any CPU = Debug|Any CPU
		Release|Any CPU = Release|Any CPU
	EndGlobalSection
	GlobalSection(ProjectConfigurationPlatforms) = postSolution
		{D50A180A-9B9A-4809-A5F7-EC5AF139C139}.Debug|Any CPU.ActiveCfg = Debug|Any CPU
		{D50A180A-9B9A-4809-A5F7-EC5AF139C139}.Debug|Any CPU.Build.0 = Debug|Any CPU
		{D50A180A-9B9A-4809-A5F7-EC5AF139C139}.Release|Any CPU.ActiveCfg = Release|Any CPU
		{D50A180A-9B9A-4809-A5F7-EC5AF139C139}.Release|Any CPU.Build.0 = Release|Any CPU
		{AE2040EB-B2F4-44CE-8989-8B16AEA7F980}.Debug|Any CPU.ActiveCfg = Debug|Any CPU
		{AE2040EB-B2F4-44CE-8989-8B16AEA7F980}.Debug|Any CPU.Build.0 = Debug|Any CPU
		{AE2040EB-B2F4-44CE-8989-8B16AEA7F980}.Release|Any CPU.ActiveCfg = Release|Any CPU
		{AE2040EB-B2F4-44CE-8989-8B16AEA7F980}.Release|Any CPU.Build.0 = Release|Any CPU
	EndGlobalSection
	GlobalSection(SolutionProperties) = preSolution
		HideSolutionNode = FALSE
	EndGlobalSection
	GlobalSection(ExtensibilityGlobals) = postSolution
		SolutionGuid = {B81C054E-401E-41D7-8DEF-02E92BB39851}
	EndGlobalSection
EndGlobal
